
Microsoft Visual Studio Solution File, Format Version 12.00
# Visual Studio 15
VisualStudioVersion = 15.0.27130.2024
MinimumVisualStudioVersion = 10.0.40219.1
Project("{FAE04EC0-301F-11D3-BF4B-00C04F79EFBC}") = "EmployeeProjectAssignmentDLL", "EmployeeProjectAssignmentDLL\EmployeeProjectAssignmentDLL.csproj", "{1A8B9410-9647-4B9C-A948-3C74896F02B0}"
EndProject
Global
	GlobalSection(SolutionConfigurationPlatforms) = preSolution
		Debug|Any CPU = Debug|Any CPU
		Release|Any CPU = Release|Any CPU
	EndGlobalSection
	GlobalSection(ProjectConfigurationPlatforms) = postSolution
		{1A8B9410-9647-4B9C-A948-3C74896F02B0}.Debug|Any CPU.ActiveCfg = Debug|Any CPU
		{1A8B9410-9647-4B9C-A948-3C74896F02B0}.Debug|Any CPU.Build.0 = Debug|Any CPU
		{1A8B9410-9647-4B9C-A948-3C74896F02B0}.Release|Any CPU.ActiveCfg = Release|Any CPU
		{1A8B9410-9647-4B9C-A948-3C74896F02B0}.Release|Any CPU.Build.0 = Release|Any CPU
	EndGlobalSection
	GlobalSection(SolutionProperties) = preSolution
		HideSolutionNode = FALSE
	EndGlobalSection
	GlobalSection(ExtensibilityGlobals) = postSolution
		SolutionGuid = {4780088F-7D84-4A6D-836F-FF5DB81208EA}
	EndGlobalSection
EndGlobal
